
Microsoft Visual Studio Solution File, Format Version 12.00
# Visual Studio Version 17
VisualStudioVersion = 17.5.002.0
MinimumVisualStudioVersion = 10.0.40219.1
Project("{2150E333-8FDC-42A3-9474-1A3956D46DE8}") = "csharp-prep", "csharp-prep", "{6523200E-7AA9-4430-805A-5D4B6591430C}"
EndProject
Project("{9A19103F-16F7-4668-BE54-9A1E7A4F7556}") = "Prep1", "csharp-prep\Prep1\Prep1.csproj", "{75E70C9C-67D5-4A08-A05B-7E5D4DCB916B}"
EndProject
Project("{9A19103F-16F7-4668-BE54-9A1E7A4F7556}") = "Prep2", "csharp-prep\Prep2\Prep2.csproj", "{29032C55-454D-47D4-8858-67E5463362EE}"
EndProject
Project("{9A19103F-16F7-4668-BE54-9A1E7A4F7556}") = "Prep3", "csharp-prep\Prep3\Prep3.csproj", "{732CC745-37EA-4DA1-A661-46640AD70C40}"
EndProject
Project("{9A19103F-16F7-4668-BE54-9A1E7A4F7556}") = "Prep4", "csharp-prep\Prep4\Prep4.csproj", "{5C173E5B-95C4-4346-90CD-FE10C4C00078}"
EndProject
Project("{9A19103F-16F7-4668-BE54-9A1E7A4F7556}") = "Prep5", "csharp-prep\Prep5\Prep5.csproj", "{F193A5E0-675D-4476-AAC2-1779CEC350B4}"
EndProject
Project("{2150E333-8FDC-42A3-9474-1A3956D46DE8}") = "final", "final", "{5255C1E1-0DCB-45AA-8DD4-AF7491AEF64C}"
EndProject
Project("{9A19103F-16F7-4668-BE54-9A1E7A4F7556}") = "FinalProject", "final\FinalProject\FinalProject.csproj", "{AE02E365-3065-4196-804D-81462E6AA4F6}"
EndProject
Project("{9A19103F-16F7-4668-BE54-9A1E7A4F7556}") = "Foundation1", "final\Foundation1\Foundation1.csproj", "{4B703171-BEE8-496D-9658-350AED4E4BCB}"
EndProject
Project("{9A19103F-16F7-4668-BE54-9A1E7A4F7556}") = "Foundation2", "final\Foundation2\Foundation2.csproj", "{11413587-0B2E-4352-AF3C-2C0A9969B7EB}"
EndProject
Project("{9A19103F-16F7-4668-BE54-9A1E7A4F7556}") = "Foundation3", "final\Foundation3\Foundation3.csproj", "{C937BCE5-6597-478A-A0B7-D37DACA98E75}"
EndProject
Project("{9A19103F-16F7-4668-BE54-9A1E7A4F7556}") = "Foundation4", "final\Foundation4\Foundation4.csproj", "{8B089DC3-C59F-4986-B9E3-95629217434C}"
EndProject
Project("{2150E333-8FDC-42A3-9474-1A3956D46DE8}") = "prepare", "prepare", "{278CD30B-D12C-4007-A86C-FA559A338753}"
EndProject
Project("{9A19103F-16F7-4668-BE54-9A1E7A4F7556}") = "Learning02", "prepare\Learning02\Learning02.csproj", "{F037897C-21F0-4D77-B677-B524D6A5B763}"
EndProject
Project("{9A19103F-16F7-4668-BE54-9A1E7A4F7556}") = "Learning03", "prepare\Learning03\Learning03.csproj", "{965CE78A-EB3D-47D8-8D5F-AB03E8015829}"
EndProject
Project("{9A19103F-16F7-4668-BE54-9A1E7A4F7556}") = "Learning04", "prepare\Learning04\Learning04.csproj", "{FAD7182E-1B15-4353-A643-F696AF397405}"
EndProject
Project("{9A19103F-16F7-4668-BE54-9A1E7A4F7556}") = "Learning05", "prepare\Learning05\Learning05.csproj", "{4C95CC42-E118-4C88-859D-648254EBB2A6}"
EndProject
Project("{2150E333-8FDC-42A3-9474-1A3956D46DE8}") = "prove", "prove", "{4A633AEA-10FC-454D-9D16-A4DB5F592ABD}"
EndProject
Project("{9A19103F-16F7-4668-BE54-9A1E7A4F7556}") = "Develop02", "prove\Develop02\Develop02.csproj", "{B96A240C-2A85-4273-BA31-DC74BBAF8162}"
EndProject
Project("{9A19103F-16F7-4668-BE54-9A1E7A4F7556}") = "Develop03", "prove\Develop03\Develop03.csproj", "{28EA5F0E-2144-4AF0-8F86-C441C102CB0E}"
EndProject
Project("{9A19103F-16F7-4668-BE54-9A1E7A4F7556}") = "Develop04", "prove\Develop04\Develop04.csproj", "{B98AC8F9-9D78-4CB2-93A6-92B07E0C01EF}"
EndProject
Project("{9A19103F-16F7-4668-BE54-9A1E7A4F7556}") = "Develop05", "prove\Develop05\Develop05.csproj", "{B5505C83-EE65-48A2-9E0E-0309EC1285C6}"
EndProject
Project("{2150E333-8FDC-42A3-9474-1A3956D46DE8}") = "sandbox", "sandbox", "{5429A464-274A-46C8-8F9F-75C346BD09AC}"
EndProject
Project("{9A19103F-16F7-4668-BE54-9A1E7A4F7556}") = "Sandbox", "sandbox\Sandbox\Sandbox.csproj", "{B0665D4A-BD97-4909-A58F-132C83B27DEA}"
EndProject
Global
	GlobalSection(SolutionConfigurationPlatforms) = preSolution
		Debug|Any CPU = Debug|Any CPU
		Release|Any CPU = Release|Any CPU
	EndGlobalSection
	GlobalSection(ProjectConfigurationPlatforms) = postSolution
		{75E70C9C-67D5-4A08-A05B-7E5D4DCB916B}.Debug|Any CPU.ActiveCfg = Debug|Any CPU
		{75E70C9C-67D5-4A08-A05B-7E5D4DCB916B}.Debug|Any CPU.Build.0 = Debug|Any CPU
		{75E70C9C-67D5-4A08-A05B-7E5D4DCB916B}.Release|Any CPU.ActiveCfg = Release|Any CPU
		{75E70C9C-67D5-4A08-A05B-7E5D4DCB916B}.Release|Any CPU.Build.0 = Release|Any CPU
		{29032C55-454D-47D4-8858-67E5463362EE}.Debug|Any CPU.ActiveCfg = Debug|Any CPU
		{29032C55-454D-47D4-8858-67E5463362EE}.Debug|Any CPU.Build.0 = Debug|Any CPU
		{29032C55-454D-47D4-8858-67E5463362EE}.Release|Any CPU.ActiveCfg = Release|Any CPU
		{29032C55-454D-47D4-8858-67E5463362EE}.Release|Any CPU.Build.0 = Release|Any CPU
		{732CC745-37EA-4DA1-A661-46640AD70C40}.Debug|Any CPU.ActiveCfg = Debug|Any CPU
		{732CC745-37EA-4DA1-A661-46640AD70C40}.Debug|Any CPU.Build.0 = Debug|Any CPU
		{732CC745-37EA-4DA1-A661-46640AD70C40}.Release|Any CPU.ActiveCfg = Release|Any CPU
		{732CC745-37EA-4DA1-A661-46640AD70C40}.Release|Any CPU.Build.0 = Release|Any CPU
		{5C173E5B-95C4-4346-90CD-FE10C4C00078}.Debug|Any CPU.ActiveCfg = Debug|Any CPU
		{5C173E5B-95C4-4346-90CD-FE10C4C00078}.Debug|Any CPU.Build.0 = Debug|Any CPU
		{5C173E5B-95C4-4346-90CD-FE10C4C00078}.Release|Any CPU.ActiveCfg = Release|Any CPU
		{5C173E5B-95C4-4346-90CD-FE10C4C00078}.Release|Any CPU.Build.0 = Release|Any CPU
		{F193A5E0-675D-4476-AAC2-1779CEC350B4}.Debug|Any CPU.ActiveCfg = Debug|Any CPU
		{F193A5E0-675D-4476-AAC2-1779CEC350B4}.Debug|Any CPU.Build.0 = Debug|Any CPU
		{F193A5E0-675D-4476-AAC2-1779CEC350B4}.Release|Any CPU.ActiveCfg = Release|Any CPU
		{F193A5E0-675D-4476-AAC2-1779CEC350B4}.Release|Any CPU.Build.0 = Release|Any CPU
		{AE02E365-3065-4196-804D-81462E6AA4F6}.Debug|Any CPU.ActiveCfg = Debug|Any CPU
		{AE02E365-3065-4196-804D-81462E6AA4F6}.Debug|Any CPU.Build.0 = Debug|Any CPU
		{AE02E365-3065-4196-804D-81462E6AA4F6}.Release|Any CPU.ActiveCfg = Release|Any CPU
		{AE02E365-3065-4196-804D-81462E6AA4F6}.Release|Any CPU.Build.0 = Release|Any CPU
		{4B703171-BEE8-496D-9658-350AED4E4BCB}.Debug|Any CPU.ActiveCfg = Debug|Any CPU
		{4B703171-BEE8-496D-9658-350AED4E4BCB}.Debug|Any CPU.Build.0 = Debug|Any CPU
		{4B703171-BEE8-496D-9658-350AED4E4BCB}.Release|Any CPU.ActiveCfg = Release|Any CPU
		{4B703171-BEE8-496D-9658-350AED4E4BCB}.Release|Any CPU.Build.0 = Release|Any CPU
		{11413587-0B2E-4352-AF3C-2C0A9969B7EB}.Debug|Any CPU.ActiveCfg = Debug|Any CPU
		{11413587-0B2E-4352-AF3C-2C0A9969B7EB}.Debug|Any CPU.Build.0 = Debug|Any CPU
		{11413587-0B2E-4352-AF3C-2C0A9969B7EB}.Release|Any CPU.ActiveCfg = Release|Any CPU
		{11413587-0B2E-4352-AF3C-2C0A9969B7EB}.Release|Any CPU.Build.0 = Release|Any CPU
		{C937BCE5-6597-478A-A0B7-D37DACA98E75}.Debug|Any CPU.ActiveCfg = Debug|Any CPU
		{C937BCE5-6597-478A-A0B7-D37DACA98E75}.Debug|Any CPU.Build.0 = Debug|Any CPU
		{C937BCE5-6597-478A-A0B7-D37DACA98E75}.Release|Any CPU.ActiveCfg = Release|Any CPU
		{C937BCE5-6597-478A-A0B7-D37DACA98E75}.Release|Any CPU.Build.0 = Release|Any CPU
		{8B089DC3-C59F-4986-B9E3-95629217434C}.Debug|Any CPU.ActiveCfg = Debug|Any CPU
		{8B089DC3-C59F-4986-B9E3-95629217434C}.Debug|Any CPU.Build.0 = Debug|Any CPU
		{8B089DC3-C59F-4986-B9E3-95629217434C}.Release|Any CPU.ActiveCfg = Release|Any CPU
		{8B089DC3-C59F-4986-B9E3-95629217434C}.Release|Any CPU.Build.0 = Release|Any CPU
		{F037897C-21F0-4D77-B677-B524D6A5B763}.Debug|Any CPU.ActiveCfg = Debug|Any CPU
		{F037897C-21F0-4D77-B677-B524D6A5B763}.Debug|Any CPU.Build.0 = Debug|Any CPU
		{F037897C-21F0-4D77-B677-B524D6A5B763}.Release|Any CPU.ActiveCfg = Release|Any CPU
		{F037897C-21F0-4D77-B677-B524D6A5B763}.Release|Any CPU.Build.0 = Release|Any CPU
		{965CE78A-EB3D-47D8-8D5F-AB03E8015829}.Debug|Any CPU.ActiveCfg = Debug|Any CPU
		{965CE78A-EB3D-47D8-8D5F-AB03E8015829}.Debug|Any CPU.Build.0 = Debug|Any CPU
		{965CE78A-EB3D-47D8-8D5F-AB03E8015829}.Release|Any CPU.ActiveCfg = Release|Any CPU
		{965CE78A-EB3D-47D8-8D5F-AB03E8015829}.Release|Any CPU.Build.0 = Release|Any CPU
		{FAD7182E-1B15-4353-A643-F696AF397405}.Debug|Any CPU.ActiveCfg = Debug|Any CPU
		{FAD7182E-1B15-4353-A643-F696AF397405}.Debug|Any CPU.Build.0 = Debug|Any CPU
		{FAD7182E-1B15-4353-A643-F696AF397405}.Release|Any CPU.ActiveCfg = Release|Any CPU
		{FAD7182E-1B15-4353-A643-F696AF397405}.Release|Any CPU.Build.0 = Release|Any CPU
		{4C95CC42-E118-4C88-859D-648254EBB2A6}.Debug|Any CPU.ActiveCfg = Debug|Any CPU
		{4C95CC42-E118-4C88-859D-648254EBB2A6}.Debug|Any CPU.Build.0 = Debug|Any CPU
		{4C95CC42-E118-4C88-859D-648254EBB2A6}.Release|Any CPU.ActiveCfg = Release|Any CPU
		{4C95CC42-E118-4C88-859D-648254EBB2A6}.Release|Any CPU.Build.0 = Release|Any CPU
		{B96A240C-2A85-4273-BA31-DC74BBAF8162}.Debug|Any CPU.ActiveCfg = Debug|Any CPU
		{B96A240C-2A85-4273-BA31-DC74BBAF8162}.Debug|Any CPU.Build.0 = Debug|Any CPU
		{B96A240C-2A85-4273-BA31-DC74BBAF8162}.Release|Any CPU.ActiveCfg = Release|Any CPU
		{B96A240C-2A85-4273-BA31-DC74BBAF8162}.Release|Any CPU.Build.0 = Release|Any CPU
		{28EA5F0E-2144-4AF0-8F86-C441C102CB0E}.Debug|Any CPU.ActiveCfg = Debug|Any CPU
		{28EA5F0E-2144-4AF0-8F86-C441C102CB0E}.Debug|Any CPU.Build.0 = Debug|Any CPU
		{28EA5F0E-2144-4AF0-8F86-C441C102CB0E}.Release|Any CPU.ActiveCfg = Release|Any CPU
		{28EA5F0E-2144-4AF0-8F86-C441C102CB0E}.Release|Any CPU.Build.0 = Release|Any CPU
		{B98AC8F9-9D78-4CB2-93A6-92B07E0C01EF}.Debug|Any CPU.ActiveCfg = Debug|Any CPU
		{B98AC8F9-9D78-4CB2-93A6-92B07E0C01EF}.Debug|Any CPU.Build.0 = Debug|Any CPU
		{B98AC8F9-9D78-4CB2-93A6-92B07E0C01EF}.Release|Any CPU.ActiveCfg = Release|Any CPU
		{B98AC8F9-9D78-4CB2-93A6-92B07E0C01EF}.Release|Any CPU.Build.0 = Release|Any CPU
		{B5505C83-EE65-48A2-9E0E-0309EC1285C6}.Debug|Any CPU.ActiveCfg = Debug|Any CPU
		{B5505C83-EE65-48A2-9E0E-0309EC1285C6}.Debug|Any CPU.Build.0 = Debug|Any CPU
		{B5505C83-EE65-48A2-9E0E-0309EC1285C6}.Release|Any CPU.ActiveCfg = Release|Any CPU
		{B5505C83-EE65-48A2-9E0E-0309EC1285C6}.Release|Any CPU.Build.0 = Release|Any CPU
		{B0665D4A-BD97-4909-A58F-132C83B27DEA}.Debug|Any CPU.ActiveCfg = Debug|Any CPU
		{B0665D4A-BD97-4909-A58F-132C83B27DEA}.Debug|Any CPU.Build.0 = Debug|Any CPU
		{B0665D4A-BD97-4909-A58F-132C83B27DEA}.Release|Any CPU.ActiveCfg = Release|Any CPU
		{B0665D4A-BD97-4909-A58F-132C83B27DEA}.Release|Any CPU.Build.0 = Release|Any CPU
	EndGlobalSection
	GlobalSection(SolutionProperties) = preSolution
		HideSolutionNode = FALSE
	EndGlobalSection
	GlobalSection(NestedProjects) = preSolution
		{75E70C9C-67D5-4A08-A05B-7E5D4DCB916B} = {6523200E-7AA9-4430-805A-5D4B6591430C}
		{29032C55-454D-47D4-8858-67E5463362EE} = {6523200E-7AA9-4430-805A-5D4B6591430C}
		{732CC745-37EA-4DA1-A661-46640AD70C40} = {6523200E-7AA9-4430-805A-5D4B6591430C}
		{5C173E5B-95C4-4346-90CD-FE10C4C00078} = {6523200E-7AA9-4430-805A-5D4B6591430C}
		{F193A5E0-675D-4476-AAC2-1779CEC350B4} = {6523200E-7AA9-4430-805A-5D4B6591430C}
		{AE02E365-3065-4196-804D-81462E6AA4F6} = {5255C1E1-0DCB-45AA-8DD4-AF7491AEF64C}
		{4B703171-BEE8-496D-9658-350AED4E4BCB} = {5255C1E1-0DCB-45AA-8DD4-AF7491AEF64C}
		{11413587-0B2E-4352-AF3C-2C0A9969B7EB} = {5255C1E1-0DCB-45AA-8DD4-AF7491AEF64C}
		{C937BCE5-6597-478A-A0B7-D37DACA98E75} = {5255C1E1-0DCB-45AA-8DD4-AF7491AEF64C}
		{8B089DC3-C59F-4986-B9E3-95629217434C} = {5255C1E1-0DCB-45AA-8DD4-AF7491AEF64C}
		{F037897C-21F0-4D77-B677-B524D6A5B763} = {278CD30B-D12C-4007-A86C-FA559A338753}
		{965CE78A-EB3D-47D8-8D5F-AB03E8015829} = {278CD30B-D12C-4007-A86C-FA559A338753}
		{FAD7182E-1B15-4353-A643-F696AF397405} = {278CD30B-D12C-4007-A86C-FA559A338753}
		{4C95CC42-E118-4C88-859D-648254EBB2A6} = {278CD30B-D12C-4007-A86C-FA559A338753}
		{B96A240C-2A85-4273-BA31-DC74BBAF8162} = {4A633AEA-10FC-454D-9D16-A4DB5F592ABD}
		{28EA5F0E-2144-4AF0-8F86-C441C102CB0E} = {4A633AEA-10FC-454D-9D16-A4DB5F592ABD}
		{B98AC8F9-9D78-4CB2-93A6-92B07E0C01EF} = {4A633AEA-10FC-454D-9D16-A4DB5F592ABD}
		{B5505C83-EE65-48A2-9E0E-0309EC1285C6} = {4A633AEA-10FC-454D-9D16-A4DB5F592ABD}
		{B0665D4A-BD97-4909-A58F-132C83B27DEA} = {5429A464-274A-46C8-8F9F-75C346BD09AC}
	EndGlobalSection
	GlobalSection(ExtensibilityGlobals) = postSolution
		SolutionGuid = {BFA3D6A7-57DA-4EF4-A65C-D4952102147C}
	EndGlobalSection
EndGlobal
